
Microsoft Visual Studio Solution File, Format Version 12.00
# Visual Studio Version 17
VisualStudioVersion = 17.7.34202.233
MinimumVisualStudioVersion = 10.0.40219.1
Project("{9A19103F-16F7-4668-BE54-9A1E7A4F7556}") = "QV596H_HFT_2023241.Client", "QV596H_HFT_2023241.Client\QV596H_HFT_2023241.Client.csproj", "{E30781B5-3AD7-46D5-A321-EDFDCB6C0FEA}"
EndProject
Project("{9A19103F-16F7-4668-BE54-9A1E7A4F7556}") = "QV596H_HFT_2023241.Models", "QV596H_HFT_2023241.Models\QV596H_HFT_2023241.Models.csproj", "{1775FD78-200F-4FD9-B49D-8BB883C78BB2}"
EndProject
Project("{9A19103F-16F7-4668-BE54-9A1E7A4F7556}") = "QV596H_HFT_2023241.Logic", "QV596H_HFT_2023241.Logic\QV596H_HFT_2023241.Logic.csproj", "{3666092F-1A0E-46C4-A128-FCF3E34C9039}"
EndProject
Project("{9A19103F-16F7-4668-BE54-9A1E7A4F7556}") = "QV596H_HFT_2023241.Repository", "QV596H_HFT_2023241.Repository\QV596H_HFT_2023241.Repository.csproj", "{0E852766-D46C-4B2B-900C-95E23B7F1CC7}"
EndProject
Project("{2150E333-8FDC-42A3-9474-1A3956D46DE8}") = "Frontend", "Frontend", "{092C030A-396A-4678-8E6E-D02CB6D8B8DB}"
EndProject
Project("{2150E333-8FDC-42A3-9474-1A3956D46DE8}") = "Backend", "Backend", "{E4171035-7B6D-4C7E-83EE-673DBEA280F8}"
EndProject
Project("{2150E333-8FDC-42A3-9474-1A3956D46DE8}") = "Shared", "Shared", "{174B3050-56BC-426F-BE4F-960D1791A8E6}"
EndProject
Project("{2150E333-8FDC-42A3-9474-1A3956D46DE8}") = "Solution Items", "Solution Items", "{AD880DEB-A747-4F3C-B53E-978EBE10601B}"
	ProjectSection(SolutionItems) = preProject
		.gitignore = .gitignore
	EndProjectSection
EndProject
Project("{9A19103F-16F7-4668-BE54-9A1E7A4F7556}") = "QV596H_HFT_2023241.Endpoint", "QV596H_HFT_2023241.Endpoint\QV596H_HFT_2023241.Endpoint.csproj", "{2ECE91DA-DBC0-4219-8729-13DE84ACF9DA}"
EndProject
Project("{9A19103F-16F7-4668-BE54-9A1E7A4F7556}") = "QV596H_HFT_2023241.Test", "QV596H_HFT_2023241.Test\QV596H_HFT_2023241.Test.csproj", "{8CF6673F-41A4-40AD-9FFC-3FC0FE057786}"
EndProject
Project("{2150E333-8FDC-42A3-9474-1A3956D46DE8}") = "WPF", "WPF", "{52DB6494-A91C-406E-AE6E-823DB4DD5705}"
EndProject
Project("{9A19103F-16F7-4668-BE54-9A1E7A4F7556}") = "WpfClient", "WpfClient\WpfClient.csproj", "{D60E6D0E-7FEF-4BDA-9FC5-9C1552B2A48A}"
EndProject
Project("{2150E333-8FDC-42A3-9474-1A3956D46DE8}") = "Javascript", "Javascript", "{6A169C5F-7B17-4DF5-BBE4-8B2A67AF5E25}"
EndProject
Project("{FAE04EC0-301F-11D3-BF4B-00C04F79EFBC}") = "app.JSClient", "app.JSClient\app.JSClient.csproj", "{26679ABF-E44D-4A41-981F-1F1C30913752}"
EndProject
Global
	GlobalSection(SolutionConfigurationPlatforms) = preSolution
		Debug|Any CPU = Debug|Any CPU
		Release|Any CPU = Release|Any CPU
	EndGlobalSection
	GlobalSection(ProjectConfigurationPlatforms) = postSolution
		{E30781B5-3AD7-46D5-A321-EDFDCB6C0FEA}.Debug|Any CPU.ActiveCfg = Debug|Any CPU
		{E30781B5-3AD7-46D5-A321-EDFDCB6C0FEA}.Debug|Any CPU.Build.0 = Debug|Any CPU
		{E30781B5-3AD7-46D5-A321-EDFDCB6C0FEA}.Release|Any CPU.ActiveCfg = Release|Any CPU
		{E30781B5-3AD7-46D5-A321-EDFDCB6C0FEA}.Release|Any CPU.Build.0 = Release|Any CPU
		{1775FD78-200F-4FD9-B49D-8BB883C78BB2}.Debug|Any CPU.ActiveCfg = Debug|Any CPU
		{1775FD78-200F-4FD9-B49D-8BB883C78BB2}.Debug|Any CPU.Build.0 = Debug|Any CPU
		{1775FD78-200F-4FD9-B49D-8BB883C78BB2}.Release|Any CPU.ActiveCfg = Release|Any CPU
		{1775FD78-200F-4FD9-B49D-8BB883C78BB2}.Release|Any CPU.Build.0 = Release|Any CPU
		{3666092F-1A0E-46C4-A128-FCF3E34C9039}.Debug|Any CPU.ActiveCfg = Debug|Any CPU
		{3666092F-1A0E-46C4-A128-FCF3E34C9039}.Debug|Any CPU.Build.0 = Debug|Any CPU
		{3666092F-1A0E-46C4-A128-FCF3E34C9039}.Release|Any CPU.ActiveCfg = Release|Any CPU
		{3666092F-1A0E-46C4-A128-FCF3E34C9039}.Release|Any CPU.Build.0 = Release|Any CPU
		{0E852766-D46C-4B2B-900C-95E23B7F1CC7}.Debug|Any CPU.ActiveCfg = Debug|Any CPU
		{0E852766-D46C-4B2B-900C-95E23B7F1CC7}.Debug|Any CPU.Build.0 = Debug|Any CPU
		{0E852766-D46C-4B2B-900C-95E23B7F1CC7}.Release|Any CPU.ActiveCfg = Release|Any CPU
		{0E852766-D46C-4B2B-900C-95E23B7F1CC7}.Release|Any CPU.Build.0 = Release|Any CPU
		{2ECE91DA-DBC0-4219-8729-13DE84ACF9DA}.Debug|Any CPU.ActiveCfg = Debug|Any CPU
		{2ECE91DA-DBC0-4219-8729-13DE84ACF9DA}.Debug|Any CPU.Build.0 = Debug|Any CPU
		{2ECE91DA-DBC0-4219-8729-13DE84ACF9DA}.Release|Any CPU.ActiveCfg = Release|Any CPU
		{2ECE91DA-DBC0-4219-8729-13DE84ACF9DA}.Release|Any CPU.Build.0 = Release|Any CPU
		{8CF6673F-41A4-40AD-9FFC-3FC0FE057786}.Debug|Any CPU.ActiveCfg = Debug|Any CPU
		{8CF6673F-41A4-40AD-9FFC-3FC0FE057786}.Debug|Any CPU.Build.0 = Debug|Any CPU
		{8CF6673F-41A4-40AD-9FFC-3FC0FE057786}.Release|Any CPU.ActiveCfg = Release|Any CPU
		{8CF6673F-41A4-40AD-9FFC-3FC0FE057786}.Release|Any CPU.Build.0 = Release|Any CPU
		{D60E6D0E-7FEF-4BDA-9FC5-9C1552B2A48A}.Debug|Any CPU.ActiveCfg = Debug|Any CPU
		{D60E6D0E-7FEF-4BDA-9FC5-9C1552B2A48A}.Debug|Any CPU.Build.0 = Debug|Any CPU
		{D60E6D0E-7FEF-4BDA-9FC5-9C1552B2A48A}.Release|Any CPU.ActiveCfg = Release|Any CPU
		{D60E6D0E-7FEF-4BDA-9FC5-9C1552B2A48A}.Release|Any CPU.Build.0 = Release|Any CPU
		{26679ABF-E44D-4A41-981F-1F1C30913752}.Debug|Any CPU.ActiveCfg = Debug|Any CPU
		{26679ABF-E44D-4A41-981F-1F1C30913752}.Debug|Any CPU.Build.0 = Debug|Any CPU
		{26679ABF-E44D-4A41-981F-1F1C30913752}.Release|Any CPU.ActiveCfg = Release|Any CPU
		{26679ABF-E44D-4A41-981F-1F1C30913752}.Release|Any CPU.Build.0 = Release|Any CPU
	EndGlobalSection
	GlobalSection(SolutionProperties) = preSolution
		HideSolutionNode = FALSE
	EndGlobalSection
	GlobalSection(NestedProjects) = preSolution
		{E30781B5-3AD7-46D5-A321-EDFDCB6C0FEA} = {092C030A-396A-4678-8E6E-D02CB6D8B8DB}
		{1775FD78-200F-4FD9-B49D-8BB883C78BB2} = {174B3050-56BC-426F-BE4F-960D1791A8E6}
		{3666092F-1A0E-46C4-A128-FCF3E34C9039} = {E4171035-7B6D-4C7E-83EE-673DBEA280F8}
		{0E852766-D46C-4B2B-900C-95E23B7F1CC7} = {E4171035-7B6D-4C7E-83EE-673DBEA280F8}
		{2ECE91DA-DBC0-4219-8729-13DE84ACF9DA} = {E4171035-7B6D-4C7E-83EE-673DBEA280F8}
		{8CF6673F-41A4-40AD-9FFC-3FC0FE057786} = {E4171035-7B6D-4C7E-83EE-673DBEA280F8}
		{D60E6D0E-7FEF-4BDA-9FC5-9C1552B2A48A} = {52DB6494-A91C-406E-AE6E-823DB4DD5705}
		{26679ABF-E44D-4A41-981F-1F1C30913752} = {6A169C5F-7B17-4DF5-BBE4-8B2A67AF5E25}
	EndGlobalSection
	GlobalSection(ExtensibilityGlobals) = postSolution
		SolutionGuid = {022293F4-2C92-459F-A0A0-C496BB54D446}
	EndGlobalSection
EndGlobal
